// !$*UTF8*$!
{
	archiveVersion = 1;
	classes = {
	};
	objectVersion = 46;
	objects = {

/* Begin PBXBuildFile section */
		A28AB9A93DC0D434D59904C4 /* Pods.framework in Frameworks */ = {isa = PBXBuildFile; fileRef = 0DEBC4D497169D4FD46FA98D /* Pods.framework */; settings = {ATTRIBUTES = (Weak, ); }; };
		E95F83C91AB8771C00C861AA /* StationDetailsViewController.swift in Sources */ = {isa = PBXBuildFile; fileRef = E95F83C81AB8771C00C861AA /* StationDetailsViewController.swift */; };
		E95F83CB1AB87A8100C861AA /* StationTableViewCell.swift in Sources */ = {isa = PBXBuildFile; fileRef = E95F83CA1AB87A8100C861AA /* StationTableViewCell.swift */; };
		E95F83CD1AB87EFA00C861AA /* BusFlowTabBarController.swift in Sources */ = {isa = PBXBuildFile; fileRef = E95F83CC1AB87EFA00C861AA /* BusFlowTabBarController.swift */; };
		E98859C21AB56C4000FC2869 /* bus.png in Resources */ = {isa = PBXBuildFile; fileRef = E98859C11AB56C4000FC2869 /* bus.png */; };
		E98859C41AB56C5500FC2869 /* station.png in Resources */ = {isa = PBXBuildFile; fileRef = E98859C31AB56C5500FC2869 /* station.png */; };
		E98859C81AB5979700FC2869 /* bus-of-interest-icon.png in Resources */ = {isa = PBXBuildFile; fileRef = E98859C51AB5979700FC2869 /* bus-of-interest-icon.png */; };
		E98859C91AB5979700FC2869 /* nearest-destination-station-icon.png in Resources */ = {isa = PBXBuildFile; fileRef = E98859C61AB5979700FC2869 /* nearest-destination-station-icon.png */; };
		E98859CA1AB5979700FC2869 /* nearestStation.png in Resources */ = {isa = PBXBuildFile; fileRef = E98859C71AB5979700FC2869 /* nearestStation.png */; };
		E98859CC1AB5C0A000FC2869 /* ScheduleTableViewController.swift in Sources */ = {isa = PBXBuildFile; fileRef = E98859CB1AB5C0A000FC2869 /* ScheduleTableViewController.swift */; };
		E99AC8591AC2FABC00398D50 /* mapWhiteIcon@2x.png in Resources */ = {isa = PBXBuildFile; fileRef = E99AC8581AC2FABC00398D50 /* mapWhiteIcon@2x.png */; };
		E99AC85B1AC2FD4200398D50 /* schedule@2x.png in Resources */ = {isa = PBXBuildFile; fileRef = E99AC85A1AC2FD4200398D50 /* schedule@2x.png */; };
		E99AC8641AC3064600398D50 /* destination@2x.png in Resources */ = {isa = PBXBuildFile; fileRef = E99AC8621AC3064600398D50 /* destination@2x.png */; };
		E99AC8691AC30E8800398D50 /* user@2x.png in Resources */ = {isa = PBXBuildFile; fileRef = E99AC8681AC30E8800398D50 /* user@2x.png */; };
		E9B446E71AB3748E00E9C367 /* AppDelegate.swift in Sources */ = {isa = PBXBuildFile; fileRef = E9B446E61AB3748E00E9C367 /* AppDelegate.swift */; };
		E9B446EA1AB3748E00E9C367 /* busFlow.xcdatamodeld in Sources */ = {isa = PBXBuildFile; fileRef = E9B446E81AB3748E00E9C367 /* busFlow.xcdatamodeld */; };
		E9B446EF1AB3748E00E9C367 /* Main.storyboard in Resources */ = {isa = PBXBuildFile; fileRef = E9B446ED1AB3748E00E9C367 /* Main.storyboard */; };
		E9B446F11AB3748E00E9C367 /* Images.xcassets in Resources */ = {isa = PBXBuildFile; fileRef = E9B446F01AB3748E00E9C367 /* Images.xcassets */; };
		E9B446F41AB3748E00E9C367 /* LaunchScreen.xib in Resources */ = {isa = PBXBuildFile; fileRef = E9B446F21AB3748E00E9C367 /* LaunchScreen.xib */; };
		E9B447001AB3748E00E9C367 /* busFlowTests.swift in Sources */ = {isa = PBXBuildFile; fileRef = E9B446FF1AB3748E00E9C367 /* busFlowTests.swift */; };
		E9B4470A1AB3777700E9C367 /* RouteViewController.swift in Sources */ = {isa = PBXBuildFile; fileRef = E9B447091AB3777700E9C367 /* RouteViewController.swift */; };
		E9B447101AB3E08B00E9C367 /* CustomPointAnnotation.swift in Sources */ = {isa = PBXBuildFile; fileRef = E9B4470F1AB3E08B00E9C367 /* CustomPointAnnotation.swift */; };
		E9B4471C1AB3F0EC00E9C367 /* PathObject.swift in Sources */ = {isa = PBXBuildFile; fileRef = E9B4471B1AB3F0EC00E9C367 /* PathObject.swift */; };
		E9C050B21AB3FADA00C516C2 /* Komercijala.txt in Resources */ = {isa = PBXBuildFile; fileRef = E9C050B11AB3FADA00C516C2 /* Komercijala.txt */; };
		E9C050BC1AB45C0000C516C2 /* MapKit.framework in Frameworks */ = {isa = PBXBuildFile; fileRef = E9C050BB1AB45C0000C516C2 /* MapKit.framework */; };
		E9C050C41AB47C4700C516C2 /* busIcon@2x.png in Resources */ = {isa = PBXBuildFile; fileRef = E9C050C31AB47C4700C516C2 /* busIcon@2x.png */; };
		E9C050C81AB4947800C516C2 /* route@2x.png in Resources */ = {isa = PBXBuildFile; fileRef = E9C050C71AB4947800C516C2 /* route@2x.png */; };
/* End PBXBuildFile section */

/* Begin PBXContainerItemProxy section */
		E9B446FA1AB3748E00E9C367 /* PBXContainerItemProxy */ = {
			isa = PBXContainerItemProxy;
			containerPortal = E9B446D91AB3748E00E9C367 /* Project object */;
			proxyType = 1;
			remoteGlobalIDString = E9B446E01AB3748E00E9C367;
			remoteInfo = busFlow;
		};
/* End PBXContainerItemProxy section */

/* Begin PBXFileReference section */
		0DEBC4D497169D4FD46FA98D /* Pods.framework */ = {isa = PBXFileReference; explicitFileType = wrapper.framework; includeInIndex = 0; path = Pods.framework; sourceTree = BUILT_PRODUCTS_DIR; };
		15F3B565EED756474CEBAA56 /* Pods.release.xcconfig */ = {isa = PBXFileReference; includeInIndex = 1; lastKnownFileType = text.xcconfig; name = Pods.release.xcconfig; path = "Pods/Target Support Files/Pods/Pods.release.xcconfig"; sourceTree = "<group>"; };
		59D01888E2334AB656561CA1 /* Pods.debug.xcconfig */ = {isa = PBXFileReference; includeInIndex = 1; lastKnownFileType = text.xcconfig; name = Pods.debug.xcconfig; path = "Pods/Target Support Files/Pods/Pods.debug.xcconfig"; sourceTree = "<group>"; };
		E95F83C81AB8771C00C861AA /* StationDetailsViewController.swift */ = {isa = PBXFileReference; fileEncoding = 4; lastKnownFileType = sourcecode.swift; path = StationDetailsViewController.swift; sourceTree = "<group>"; };
		E95F83CA1AB87A8100C861AA /* StationTableViewCell.swift */ = {isa = PBXFileReference; fileEncoding = 4; lastKnownFileType = sourcecode.swift; path = StationTableViewCell.swift; sourceTree = "<group>"; };
		E95F83CC1AB87EFA00C861AA /* BusFlowTabBarController.swift */ = {isa = PBXFileReference; fileEncoding = 4; lastKnownFileType = sourcecode.swift; path = BusFlowTabBarController.swift; sourceTree = "<group>"; };
		E98859C11AB56C4000FC2869 /* bus.png */ = {isa = PBXFileReference; lastKnownFileType = image.png; path = bus.png; sourceTree = "<group>"; };
		E98859C31AB56C5500FC2869 /* station.png */ = {isa = PBXFileReference; lastKnownFileType = image.png; path = station.png; sourceTree = "<group>"; };
		E98859C51AB5979700FC2869 /* bus-of-interest-icon.png */ = {isa = PBXFileReference; lastKnownFileType = image.png; path = "bus-of-interest-icon.png"; sourceTree = "<group>"; };
		E98859C61AB5979700FC2869 /* nearest-destination-station-icon.png */ = {isa = PBXFileReference; lastKnownFileType = image.png; path = "nearest-destination-station-icon.png"; sourceTree = "<group>"; };
		E98859C71AB5979700FC2869 /* nearestStation.png */ = {isa = PBXFileReference; lastKnownFileType = image.png; path = nearestStation.png; sourceTree = "<group>"; };
		E98859CB1AB5C0A000FC2869 /* ScheduleTableViewController.swift */ = {isa = PBXFileReference; fileEncoding = 4; lastKnownFileType = sourcecode.swift; path = ScheduleTableViewController.swift; sourceTree = "<group>"; };
		E99AC8581AC2FABC00398D50 /* mapWhiteIcon@2x.png */ = {isa = PBXFileReference; lastKnownFileType = image.png; path = "mapWhiteIcon@2x.png"; sourceTree = "<group>"; };
		E99AC85A1AC2FD4200398D50 /* schedule@2x.png */ = {isa = PBXFileReference; lastKnownFileType = image.png; path = "schedule@2x.png"; sourceTree = "<group>"; };
		E99AC8621AC3064600398D50 /* destination@2x.png */ = {isa = PBXFileReference; lastKnownFileType = image.png; path = "destination@2x.png"; sourceTree = "<group>"; };
		E99AC8681AC30E8800398D50 /* user@2x.png */ = {isa = PBXFileReference; lastKnownFileType = image.png; path = "user@2x.png"; sourceTree = "<group>"; };
		E9B446E11AB3748E00E9C367 /* busFlow.app */ = {isa = PBXFileReference; explicitFileType = wrapper.application; includeInIndex = 0; path = busFlow.app; sourceTree = BUILT_PRODUCTS_DIR; };
		E9B446E51AB3748E00E9C367 /* Info.plist */ = {isa = PBXFileReference; lastKnownFileType = text.plist.xml; path = Info.plist; sourceTree = "<group>"; };
		E9B446E61AB3748E00E9C367 /* AppDelegate.swift */ = {isa = PBXFileReference; lastKnownFileType = sourcecode.swift; path = AppDelegate.swift; sourceTree = "<group>"; };
		E9B446E91AB3748E00E9C367 /* busFlow.xcdatamodel */ = {isa = PBXFileReference; lastKnownFileType = wrapper.xcdatamodel; path = busFlow.xcdatamodel; sourceTree = "<group>"; };
		E9B446EE1AB3748E00E9C367 /* Base */ = {isa = PBXFileReference; lastKnownFileType = file.storyboard; name = Base; path = Base.lproj/Main.storyboard; sourceTree = "<group>"; };
		E9B446F01AB3748E00E9C367 /* Images.xcassets */ = {isa = PBXFileReference; lastKnownFileType = folder.assetcatalog; path = Images.xcassets; sourceTree = "<group>"; };
		E9B446F31AB3748E00E9C367 /* Base */ = {isa = PBXFileReference; lastKnownFileType = file.xib; name = Base; path = Base.lproj/LaunchScreen.xib; sourceTree = "<group>"; };
		E9B446F91AB3748E00E9C367 /* busFlowTests.xctest */ = {isa = PBXFileReference; explicitFileType = wrapper.cfbundle; includeInIndex = 0; path = busFlowTests.xctest; sourceTree = BUILT_PRODUCTS_DIR; };
		E9B446FE1AB3748E00E9C367 /* Info.plist */ = {isa = PBXFileReference; lastKnownFileType = text.plist.xml; path = Info.plist; sourceTree = "<group>"; };
		E9B446FF1AB3748E00E9C367 /* busFlowTests.swift */ = {isa = PBXFileReference; lastKnownFileType = sourcecode.swift; path = busFlowTests.swift; sourceTree = "<group>"; };
		E9B447091AB3777700E9C367 /* RouteViewController.swift */ = {isa = PBXFileReference; fileEncoding = 4; lastKnownFileType = sourcecode.swift; path = RouteViewController.swift; sourceTree = "<group>"; };
		E9B4470F1AB3E08B00E9C367 /* CustomPointAnnotation.swift */ = {isa = PBXFileReference; fileEncoding = 4; lastKnownFileType = sourcecode.swift; path = CustomPointAnnotation.swift; sourceTree = "<group>"; };
		E9B4471B1AB3F0EC00E9C367 /* PathObject.swift */ = {isa = PBXFileReference; fileEncoding = 4; lastKnownFileType = sourcecode.swift; path = PathObject.swift; sourceTree = "<group>"; };
		E9C050B11AB3FADA00C516C2 /* Komercijala.txt */ = {isa = PBXFileReference; fileEncoding = 4; lastKnownFileType = text; path = Komercijala.txt; sourceTree = "<group>"; };
		E9C050BB1AB45C0000C516C2 /* MapKit.framework */ = {isa = PBXFileReference; lastKnownFileType = wrapper.framework; name = MapKit.framework; path = System/Library/Frameworks/MapKit.framework; sourceTree = SDKROOT; };
		E9C050C31AB47C4700C516C2 /* busIcon@2x.png */ = {isa = PBXFileReference; lastKnownFileType = image.png; path = "busIcon@2x.png"; sourceTree = "<group>"; };
		E9C050C71AB4947800C516C2 /* route@2x.png */ = {isa = PBXFileReference; lastKnownFileType = image.png; path = "route@2x.png"; sourceTree = "<group>"; };
/* End PBXFileReference section */

/* Begin PBXFrameworksBuildPhase section */
		E9B446DE1AB3748E00E9C367 /* Frameworks */ = {
			isa = PBXFrameworksBuildPhase;
			buildActionMask = 2147483647;
			files = (
				E9C050BC1AB45C0000C516C2 /* MapKit.framework in Frameworks */,
				A28AB9A93DC0D434D59904C4 /* Pods.framework in Frameworks */,
			);
			runOnlyForDeploymentPostprocessing = 0;
		};
		E9B446F61AB3748E00E9C367 /* Frameworks */ = {
			isa = PBXFrameworksBuildPhase;
			buildActionMask = 2147483647;
			files = (
			);
			runOnlyForDeploymentPostprocessing = 0;
		};
/* End PBXFrameworksBuildPhase section */

/* Begin PBXGroup section */
		C39AB513907CAC58A03B2A78 /* Pods */ = {
			isa = PBXGroup;
			children = (
				59D01888E2334AB656561CA1 /* Pods.debug.xcconfig */,
				15F3B565EED756474CEBAA56 /* Pods.release.xcconfig */,
			);
			name = Pods;
			sourceTree = "<group>";
		};
		E9B446D81AB3748E00E9C367 = {
			isa = PBXGroup;
			children = (
				E9B446E31AB3748E00E9C367 /* busFlow */,
				E9B446FC1AB3748E00E9C367 /* busFlowTests */,
				E9B446E21AB3748E00E9C367 /* Products */,
				C39AB513907CAC58A03B2A78 /* Pods */,
				F98F46B1E0F25FBC2CAD2ADC /* Frameworks */,
			);
			sourceTree = "<group>";
		};
		E9B446E21AB3748E00E9C367 /* Products */ = {
			isa = PBXGroup;
			children = (
				E9B446E11AB3748E00E9C367 /* busFlow.app */,
				E9B446F91AB3748E00E9C367 /* busFlowTests.xctest */,
			);
			name = Products;
			sourceTree = "<group>";
		};
		E9B446E31AB3748E00E9C367 /* busFlow */ = {
			isa = PBXGroup;
			children = (
				E9B447191AB3F09500E9C367 /* controller */,
				E9B447171AB3F08100E9C367 /* model */,
				E9B446E61AB3748E00E9C367 /* AppDelegate.swift */,
				E9B446ED1AB3748E00E9C367 /* Main.storyboard */,
				E9B446F01AB3748E00E9C367 /* Images.xcassets */,
				E9B446F21AB3748E00E9C367 /* LaunchScreen.xib */,
				E9B446E81AB3748E00E9C367 /* busFlow.xcdatamodeld */,
				E9B446E41AB3748E00E9C367 /* Supporting Files */,
			);
			path = busFlow;
			sourceTree = "<group>";
		};
		E9B446E41AB3748E00E9C367 /* Supporting Files */ = {
			isa = PBXGroup;
			children = (
				E9C050C31AB47C4700C516C2 /* busIcon@2x.png */,
				E99AC85A1AC2FD4200398D50 /* schedule@2x.png */,
				E98859C11AB56C4000FC2869 /* bus.png */,
				E9C050C71AB4947800C516C2 /* route@2x.png */,
				E99AC8681AC30E8800398D50 /* user@2x.png */,
				E98859C51AB5979700FC2869 /* bus-of-interest-icon.png */,
				E99AC8621AC3064600398D50 /* destination@2x.png */,
				E98859C61AB5979700FC2869 /* nearest-destination-station-icon.png */,
				E99AC8581AC2FABC00398D50 /* mapWhiteIcon@2x.png */,
				E98859C71AB5979700FC2869 /* nearestStation.png */,
				E9C050B11AB3FADA00C516C2 /* Komercijala.txt */,
				E98859C31AB56C5500FC2869 /* station.png */,
				E9B446E51AB3748E00E9C367 /* Info.plist */,
			);
			name = "Supporting Files";
			sourceTree = "<group>";
		};
		E9B446FC1AB3748E00E9C367 /* busFlowTests */ = {
			isa = PBXGroup;
			children = (
				E9B446FF1AB3748E00E9C367 /* busFlowTests.swift */,
				E9B446FD1AB3748E00E9C367 /* Supporting Files */,
			);
			path = busFlowTests;
			sourceTree = "<group>";
		};
		E9B446FD1AB3748E00E9C367 /* Supporting Files */ = {
			isa = PBXGroup;
			children = (
				E9B446FE1AB3748E00E9C367 /* Info.plist */,
			);
			name = "Supporting Files";
			sourceTree = "<group>";
		};
		E9B447171AB3F08100E9C367 /* model */ = {
			isa = PBXGroup;
			children = (
				E9B4470F1AB3E08B00E9C367 /* CustomPointAnnotation.swift */,
				E9B4471B1AB3F0EC00E9C367 /* PathObject.swift */,
				E95F83CA1AB87A8100C861AA /* StationTableViewCell.swift */,
			);
			name = model;
			sourceTree = "<group>";
		};
		E9B447191AB3F09500E9C367 /* controller */ = {
			isa = PBXGroup;
			children = (
				E9B447091AB3777700E9C367 /* RouteViewController.swift */,
				E98859CB1AB5C0A000FC2869 /* ScheduleTableViewController.swift */,
				E95F83CC1AB87EFA00C861AA /* BusFlowTabBarController.swift */,
				E95F83C81AB8771C00C861AA /* StationDetailsViewController.swift */,
			);
			name = controller;
			sourceTree = "<group>";
		};
		F98F46B1E0F25FBC2CAD2ADC /* Frameworks */ = {
			isa = PBXGroup;
			children = (
				E9C050BB1AB45C0000C516C2 /* MapKit.framework */,
				0DEBC4D497169D4FD46FA98D /* Pods.framework */,
			);
			name = Frameworks;
			sourceTree = "<group>";
		};
/* End PBXGroup section */

/* Begin PBXNativeTarget section */
		E9B446E01AB3748E00E9C367 /* busFlow */ = {
			isa = PBXNativeTarget;
			buildConfigurationList = E9B447031AB3748E00E9C367 /* Build configuration list for PBXNativeTarget "busFlow" */;
			buildPhases = (
				F02FB8078C9166E1CDF519E9 /* Check Pods Manifest.lock */,
				E9B446DD1AB3748E00E9C367 /* Sources */,
				E9B446DE1AB3748E00E9C367 /* Frameworks */,
				E9B446DF1AB3748E00E9C367 /* Resources */,
				D8858234FF39C4FA78EF1E37 /* Embed Pods Frameworks */,
				0C5ED791ACD40D5AA5449070 /* Copy Pods Resources */,
			);
			buildRules = (
			);
			dependencies = (
			);
			name = busFlow;
			productName = busFlow;
			productReference = E9B446E11AB3748E00E9C367 /* busFlow.app */;
			productType = "com.apple.product-type.application";
		};
		E9B446F81AB3748E00E9C367 /* busFlowTests */ = {
			isa = PBXNativeTarget;
			buildConfigurationList = E9B447061AB3748E00E9C367 /* Build configuration list for PBXNativeTarget "busFlowTests" */;
			buildPhases = (
				E9B446F51AB3748E00E9C367 /* Sources */,
				E9B446F61AB3748E00E9C367 /* Frameworks */,
				E9B446F71AB3748E00E9C367 /* Resources */,
			);
			buildRules = (
			);
			dependencies = (
				E9B446FB1AB3748E00E9C367 /* PBXTargetDependency */,
			);
			name = busFlowTests;
			productName = busFlowTests;
			productReference = E9B446F91AB3748E00E9C367 /* busFlowTests.xctest */;
			productType = "com.apple.product-type.bundle.unit-test";
		};
/* End PBXNativeTarget section */

/* Begin PBXProject section */
		E9B446D91AB3748E00E9C367 /* Project object */ = {
			isa = PBXProject;
			attributes = {
				LastUpgradeCheck = 0620;
				ORGANIZATIONNAME = busFlow;
				TargetAttributes = {
					E9B446E01AB3748E00E9C367 = {
						CreatedOnToolsVersion = 6.2;
						SystemCapabilities = {
							com.apple.Maps.iOS = {
								enabled = 1;
							};
						};
					};
					E9B446F81AB3748E00E9C367 = {
						CreatedOnToolsVersion = 6.2;
						TestTargetID = E9B446E01AB3748E00E9C367;
					};
				};
			};
			buildConfigurationList = E9B446DC1AB3748E00E9C367 /* Build configuration list for PBXProject "busFlow" */;
			compatibilityVersion = "Xcode 3.2";
			developmentRegion = English;
			hasScannedForEncodings = 0;
			knownRegions = (
				en,
				Base,
			);
			mainGroup = E9B446D81AB3748E00E9C367;
			productRefGroup = E9B446E21AB3748E00E9C367 /* Products */;
			projectDirPath = "";
			projectRoot = "";
			targets = (
				E9B446E01AB3748E00E9C367 /* busFlow */,
				E9B446F81AB3748E00E9C367 /* busFlowTests */,
			);
		};
/* End PBXProject section */

/* Begin PBXResourcesBuildPhase section */
		E9B446DF1AB3748E00E9C367 /* Resources */ = {
			isa = PBXResourcesBuildPhase;
			buildActionMask = 2147483647;
			files = (
				E98859C91AB5979700FC2869 /* nearest-destination-station-icon.png in Resources */,
				E99AC85B1AC2FD4200398D50 /* schedule@2x.png in Resources */,
				E9C050B21AB3FADA00C516C2 /* Komercijala.txt in Resources */,
				E99AC8591AC2FABC00398D50 /* mapWhiteIcon@2x.png in Resources */,
				E9B446EF1AB3748E00E9C367 /* Main.storyboard in Resources */,
				E99AC8641AC3064600398D50 /* destination@2x.png in Resources */,
				E9B446F41AB3748E00E9C367 /* LaunchScreen.xib in Resources */,
				E98859C81AB5979700FC2869 /* bus-of-interest-icon.png in Resources */,
				E9B446F11AB3748E00E9C367 /* Images.xcassets in Resources */,
				E9C050C41AB47C4700C516C2 /* busIcon@2x.png in Resources */,
				E9C050C81AB4947800C516C2 /* route@2x.png in Resources */,
				E98859C21AB56C4000FC2869 /* bus.png in Resources */,
				E99AC8691AC30E8800398D50 /* user@2x.png in Resources */,
				E98859C41AB56C5500FC2869 /* station.png in Resources */,
				E98859CA1AB5979700FC2869 /* nearestStation.png in Resources */,
			);
			runOnlyForDeploymentPostprocessing = 0;
		};
		E9B446F71AB3748E00E9C367 /* Resources */ = {
			isa = PBXResourcesBuildPhase;
			buildActionMask = 2147483647;
			files = (
			);
			runOnlyForDeploymentPostprocessing = 0;
		};
/* End PBXResourcesBuildPhase section */

/* Begin PBXShellScriptBuildPhase section */
		0C5ED791ACD40D5AA5449070 /* Copy Pods Resources */ = {
			isa = PBXShellScriptBuildPhase;
			buildActionMask = 2147483647;
			files = (
			);
			inputPaths = (
			);
			name = "Copy Pods Resources";
			outputPaths = (
			);
			runOnlyForDeploymentPostprocessing = 0;
			shellPath = /bin/sh;
			shellScript = "\"${SRCROOT}/Pods/Target Support Files/Pods/Pods-resources.sh\"\n";
			showEnvVarsInLog = 0;
		};
		D8858234FF39C4FA78EF1E37 /* Embed Pods Frameworks */ = {
			isa = PBXShellScriptBuildPhase;
			buildActionMask = 2147483647;
			files = (
			);
			inputPaths = (
			);
			name = "Embed Pods Frameworks";
			outputPaths = (
			);
			runOnlyForDeploymentPostprocessing = 0;
			shellPath = /bin/sh;
			shellScript = "\"${SRCROOT}/Pods/Target Support Files/Pods/Pods-frameworks.sh\"\n";
			showEnvVarsInLog = 0;
		};
		F02FB8078C9166E1CDF519E9 /* Check Pods Manifest.lock */ = {
			isa = PBXShellScriptBuildPhase;
			buildActionMask = 2147483647;
			files = (
			);
			inputPaths = (
			);
			name = "Check Pods Manifest.lock";
			outputPaths = (
			);
			runOnlyForDeploymentPostprocessing = 0;
			shellPath = /bin/sh;
			shellScript = "diff \"${PODS_ROOT}/../Podfile.lock\" \"${PODS_ROOT}/Manifest.lock\" > /dev/null\nif [[ $? != 0 ]] ; then\n    cat << EOM\nerror: The sandbox is not in sync with the Podfile.lock. Run 'pod install' or update your CocoaPods installation.\nEOM\n    exit 1\nfi\n";
			showEnvVarsInLog = 0;
		};
/* End PBXShellScriptBuildPhase section */

/* Begin PBXSourcesBuildPhase section */
		E9B446DD1AB3748E00E9C367 /* Sources */ = {
			isa = PBXSourcesBuildPhase;
			buildActionMask = 2147483647;
			files = (
				E98859CC1AB5C0A000FC2869 /* ScheduleTableViewController.swift in Sources */,
				E9B446EA1AB3748E00E9C367 /* busFlow.xcdatamodeld in Sources */,
				E95F83CB1AB87A8100C861AA /* StationTableViewCell.swift in Sources */,
				E9B446E71AB3748E00E9C367 /* AppDelegate.swift in Sources */,
				E95F83C91AB8771C00C861AA /* StationDetailsViewController.swift in Sources */,
				E9B447101AB3E08B00E9C367 /* CustomPointAnnotation.swift in Sources */,
				E9B4470A1AB3777700E9C367 /* RouteViewController.swift in Sources */,
				E95F83CD1AB87EFA00C861AA /* BusFlowTabBarController.swift in Sources */,
				E9B4471C1AB3F0EC00E9C367 /* PathObject.swift in Sources */,
			);
			runOnlyForDeploymentPostprocessing = 0;
		};
		E9B446F51AB3748E00E9C367 /* Sources */ = {
			isa = PBXSourcesBuildPhase;
			buildActionMask = 2147483647;
			files = (
				E9B447001AB3748E00E9C367 /* busFlowTests.swift in Sources */,
			);
			runOnlyForDeploymentPostprocessing = 0;
		};
/* End PBXSourcesBuildPhase section */

/* Begin PBXTargetDependency section */
		E9B446FB1AB3748E00E9C367 /* PBXTargetDependency */ = {
			isa = PBXTargetDependency;
			target = E9B446E01AB3748E00E9C367 /* busFlow */;
			targetProxy = E9B446FA1AB3748E00E9C367 /* PBXContainerItemProxy */;
		};
/* End PBXTargetDependency section */

/* Begin PBXVariantGroup section */
		E9B446ED1AB3748E00E9C367 /* Main.storyboard */ = {
			isa = PBXVariantGroup;
			children = (
				E9B446EE1AB3748E00E9C367 /* Base */,
			);
			name = Main.storyboard;
			sourceTree = "<group>";
		};
		E9B446F21AB3748E00E9C367 /* LaunchScreen.xib */ = {
			isa = PBXVariantGroup;
			children = (
				E9B446F31AB3748E00E9C367 /* Base */,
			);
			name = LaunchScreen.xib;
			sourceTree = "<group>";
		};
/* End PBXVariantGroup section */

/* Begin XCBuildConfiguration section */
		E9B447011AB3748E00E9C367 /* Debug */ = {
			isa = XCBuildConfiguration;
			buildSettings = {
				ALWAYS_SEARCH_USER_PATHS = NO;
				CLANG_CXX_LANGUAGE_STANDARD = "gnu++0x";
				CLANG_CXX_LIBRARY = "libc++";
				CLANG_ENABLE_MODULES = YES;
				CLANG_ENABLE_OBJC_ARC = YES;
				CLANG_WARN_BOOL_CONVERSION = YES;
				CLANG_WARN_CONSTANT_CONVERSION = YES;
				CLANG_WARN_DIRECT_OBJC_ISA_USAGE = YES_ERROR;
				CLANG_WARN_EMPTY_BODY = YES;
				CLANG_WARN_ENUM_CONVERSION = YES;
				CLANG_WARN_INT_CONVERSION = YES;
				CLANG_WARN_OBJC_ROOT_CLASS = YES_ERROR;
				CLANG_WARN_UNREACHABLE_CODE = YES;
				CLANG_WARN__DUPLICATE_METHOD_MATCH = YES;
				"CODE_SIGN_IDENTITY[sdk=iphoneos*]" = "iPhone Developer";
				COPY_PHASE_STRIP = NO;
				ENABLE_STRICT_OBJC_MSGSEND = YES;
				GCC_C_LANGUAGE_STANDARD = gnu99;
				GCC_DYNAMIC_NO_PIC = NO;
				GCC_OPTIMIZATION_LEVEL = 0;
				GCC_PREPROCESSOR_DEFINITIONS = (
					"DEBUG=1",
					"$(inherited)",
				);
				GCC_SYMBOLS_PRIVATE_EXTERN = NO;
				GCC_WARN_64_TO_32_BIT_CONVERSION = YES;
				GCC_WARN_ABOUT_RETURN_TYPE = YES_ERROR;
				GCC_WARN_UNDECLARED_SELECTOR = YES;
				GCC_WARN_UNINITIALIZED_AUTOS = YES_AGGRESSIVE;
				GCC_WARN_UNUSED_FUNCTION = YES;
				GCC_WARN_UNUSED_VARIABLE = YES;
				IPHONEOS_DEPLOYMENT_TARGET = 8.2;
				MTL_ENABLE_DEBUG_INFO = YES;
				ONLY_ACTIVE_ARCH = YES;
				SDKROOT = iphoneos;
				SWIFT_OPTIMIZATION_LEVEL = "-Onone";
				TARGETED_DEVICE_FAMILY = "1,2";
			};
			name = Debug;
		};
		E9B447021AB3748E00E9C367 /* Release */ = {
			isa = XCBuildConfiguration;
			buildSettings = {
				ALWAYS_SEARCH_USER_PATHS = NO;
				CLANG_CXX_LANGUAGE_STANDARD = "gnu++0x";
				CLANG_CXX_LIBRARY = "libc++";
				CLANG_ENABLE_MODULES = YES;
				CLANG_ENABLE_OBJC_ARC = YES;
				CLANG_WARN_BOOL_CONVERSION = YES;
				CLANG_WARN_CONSTANT_CONVERSION = YES;
				CLANG_WARN_DIRECT_OBJC_ISA_USAGE = YES_ERROR;
				CLANG_WARN_EMPTY_BODY = YES;
				CLANG_WARN_ENUM_CONVERSION = YES;
				CLANG_WARN_INT_CONVERSION = YES;
				CLANG_WARN_OBJC_ROOT_CLASS = YES_ERROR;
				CLANG_WARN_UNREACHABLE_CODE = YES;
				CLANG_WARN__DUPLICATE_METHOD_MATCH = YES;
				"CODE_SIGN_IDENTITY[sdk=iphoneos*]" = "iPhone Developer";
				COPY_PHASE_STRIP = NO;
				ENABLE_NS_ASSERTIONS = NO;
				ENABLE_STRICT_OBJC_MSGSEND = YES;
				GCC_C_LANGUAGE_STANDARD = gnu99;
				GCC_WARN_64_TO_32_BIT_CONVERSION = YES;
				GCC_WARN_ABOUT_RETURN_TYPE = YES_ERROR;
				GCC_WARN_UNDECLARED_SELECTOR = YES;
				GCC_WARN_UNINITIALIZED_AUTOS = YES_AGGRESSIVE;
				GCC_WARN_UNUSED_FUNCTION = YES;
				GCC_WARN_UNUSED_VARIABLE = YES;
				IPHONEOS_DEPLOYMENT_TARGET = 8.2;
				MTL_ENABLE_DEBUG_INFO = NO;
				SDKROOT = iphoneos;
				TARGETED_DEVICE_FAMILY = "1,2";
				VALIDATE_PRODUCT = YES;
			};
			name = Release;
		};
		E9B447041AB3748E00E9C367 /* Debug */ = {
			isa = XCBuildConfiguration;
			baseConfigurationReference = 59D01888E2334AB656561CA1 /* Pods.debug.xcconfig */;
			buildSettings = {
				ASSETCATALOG_COMPILER_APPICON_NAME = AppIcon;
				INFOPLIST_FILE = busFlow/Info.plist;
				LD_RUNPATH_SEARCH_PATHS = "$(inherited) @executable_path/Frameworks";
				PRODUCT_NAME = "$(TARGET_NAME)";
			};
			name = Debug;
		};
		E9B447051AB3748E00E9C367 /* Release */ = {
			isa = XCBuildConfiguration;
			baseConfigurationReference = 15F3B565EED756474CEBAA56 /* Pods.release.xcconfig */;
			buildSettings = {
				ASSETCATALOG_COMPILER_APPICON_NAME = AppIcon;
				INFOPLIST_FILE = busFlow/Info.plist;
				LD_RUNPATH_SEARCH_PATHS = "$(inherited) @executable_path/Frameworks";
				PRODUCT_NAME = "$(TARGET_NAME)";
			};
			name = Release;
		};
		E9B447071AB3748E00E9C367 /* Debug */ = {
			isa = XCBuildConfiguration;
			buildSettings = {
				BUNDLE_LOADER = "$(TEST_HOST)";
				FRAMEWORK_SEARCH_PATHS = (
					"$(SDKROOT)/Developer/Library/Frameworks",
					"$(inherited)",
				);
				GCC_PREPROCESSOR_DEFINITIONS = (
					"DEBUG=1",
					"$(inherited)",
				);
				INFOPLIST_FILE = busFlowTests/Info.plist;
				LD_RUNPATH_SEARCH_PATHS = "$(inherited) @executable_path/Frameworks @loader_path/Frameworks";
				PRODUCT_NAME = "$(TARGET_NAME)";
				TEST_HOST = "$(BUILT_PRODUCTS_DIR)/busFlow.app/busFlow";
			};
			name = Debug;
		};
		E9B447081AB3748E00E9C367 /* Release */ = {
			isa = XCBuildConfiguration;
			buildSettings = {
				BUNDLE_LOADER = "$(TEST_HOST)";
				FRAMEWORK_SEARCH_PATHS = (
					"$(SDKROOT)/Developer/Library/Frameworks",
					"$(inherited)",
				);
				INFOPLIST_FILE = busFlowTests/Info.plist;
				LD_RUNPATH_SEARCH_PATHS = "$(inherited) @executable_path/Frameworks @loader_path/Frameworks";
				PRODUCT_NAME = "$(TARGET_NAME)";
				TEST_HOST = "$(BUILT_PRODUCTS_DIR)/busFlow.app/busFlow";
			};
			name = Release;
		};
/* End XCBuildConfiguration section */

/* Begin XCConfigurationList section */
		E9B446DC1AB3748E00E9C367 /* Build configuration list for PBXProject "busFlow" */ = {
			isa = XCConfigurationList;
			buildConfigurations = (
				E9B447011AB3748E00E9C367 /* Debug */,
				E9B447021AB3748E00E9C367 /* Release */,
			);
			defaultConfigurationIsVisible = 0;
			defaultConfigurationName = Release;
		};
		E9B447031AB3748E00E9C367 /* Build configuration list for PBXNativeTarget "busFlow" */ = {
			isa = XCConfigurationList;
			buildConfigurations = (
				E9B447041AB3748E00E9C367 /* Debug */,
				E9B447051AB3748E00E9C367 /* Release */,
			);
			defaultConfigurationIsVisible = 0;
			defaultConfigurationName = Release;
		};
		E9B447061AB3748E00E9C367 /* Build configuration list for PBXNativeTarget "busFlowTests" */ = {
			isa = XCConfigurationList;
			buildConfigurations = (
				E9B447071AB3748E00E9C367 /* Debug */,
				E9B447081AB3748E00E9C367 /* Release */,
			);
			defaultConfigurationIsVisible = 0;
			defaultConfigurationName = Release;
		};
/* End XCConfigurationList section */

/* Begin XCVersionGroup section */
		E9B446E81AB3748E00E9C367 /* busFlow.xcdatamodeld */ = {
			isa = XCVersionGroup;
			children = (
				E9B446E91AB3748E00E9C367 /* busFlow.xcdatamodel */,
			);
			currentVersion = E9B446E91AB3748E00E9C367 /* busFlow.xcdatamodel */;
			path = busFlow.xcdatamodeld;
			sourceTree = "<group>";
			versionGroupType = wrapper.xcdatamodel;
		};
/* End XCVersionGroup section */
	};
	rootObject = E9B446D91AB3748E00E9C367 /* Project object */;
}
